{
  "name": "tsmaps.github.io",
  "lockfileVersion": 3,
  "requires": true,
  "packages": {
    "": {
      "dependencies": {
        "@types/faker": "^6.6.9",
        "faker": "^6.6.6"
      },
      "devDependencies": {
        "typescript": "^5.1.6"
      }
    },
    "node_modules/@types/faker": {
      "version": "6.6.9",
      "resolved": "https://registry.npmjs.org/@types/faker/-/faker-6.6.9.tgz",
      "integrity": "sha512-Y9YYm5L//8ooiiknO++4Gr539zzdI0j3aXnOBjo1Vk+kTvffY10GuE2wn78AFPECwZ5MYGTjiDVw1naLLdDimw==",
      "deprecated": "This is a stub types definition. faker provides its own type definitions, so you do not need this installed.",
      "dependencies": {
        "faker": "*"
      }
    },
    "node_modules/faker": {
      "version": "6.6.6",
      "resolved": "https://registry.npmjs.org/faker/-/faker-6.6.6.tgz",
      "integrity": "sha512-9tCqYEDHI5RYFQigXFwF1hnCwcWCOJl/hmll0lr5D2Ljjb0o4wphb69wikeJDz5qCEzXCoPvG6ss5SDP6IfOdg=="
    },
    "node_modules/typescript": {
      "version": "5.1.6",
      "resolved": "https://registry.npmjs.org/typescript/-/typescript-5.1.6.tgz",
      "integrity": "sha512-zaWCozRZ6DLEWAWFrVDz1H6FVXzUSfTy5FUMWsQlU8Ym5JP9eO4xkTIROFCQvhQf61z6O/G6ugw3SgAnvvm+HA==",
      "dev": true,
      "bin": {
        "tsc": "bin/tsc",
        "tsserver": "bin/tsserver"
      },
      "engines": {
        "node": ">=14.17"
      }
    }
  }
}
